
Microsoft Visual Studio Solution File, Format Version 12.00
# Visual Studio Version 17
VisualStudioVersion = 17.14.36401.2
MinimumVisualStudioVersion = 10.0.40219.1
Project("{FAE04EC0-301F-11D3-BF4B-00C04F79EFBC}") = "RPGUtility", "WpfApp1\RPGUtility.csproj", "{21B5F96E-B2B7-4222-88EE-D5D657FC852D}"
EndProject
Global
	GlobalSection(SolutionConfigurationPlatforms) = preSolution
		Debug|Any CPU = Debug|Any CPU
		Release|Any CPU = Release|Any CPU
	EndGlobalSection
	GlobalSection(ProjectConfigurationPlatforms) = postSolution
		{21B5F96E-B2B7-4222-88EE-D5D657FC852D}.Debug|Any CPU.ActiveCfg = Debug|Any CPU
		{21B5F96E-B2B7-4222-88EE-D5D657FC852D}.Debug|Any CPU.Build.0 = Debug|Any CPU
		{21B5F96E-B2B7-4222-88EE-D5D657FC852D}.Release|Any CPU.ActiveCfg = Release|Any CPU
		{21B5F96E-B2B7-4222-88EE-D5D657FC852D}.Release|Any CPU.Build.0 = Release|Any CPU
	EndGlobalSection
	GlobalSection(SolutionProperties) = preSolution
		HideSolutionNode = FALSE
	EndGlobalSection
	GlobalSection(ExtensibilityGlobals) = postSolution
		SolutionGuid = {6F55FBFA-04A1-4A83-9C3A-63EE4DC780CD}
	EndGlobalSection
EndGlobal
